
Microsoft Visual Studio Solution File, Format Version 12.00
# Visual Studio 15
Project("{2150E333-8FDC-42A3-9474-1A3956D46DE8}") = "Domain", "Domain", "{C69BBC6E-DC8C-44AD-AF3C-BAC94E618724}"
EndProject
Project("{2150E333-8FDC-42A3-9474-1A3956D46DE8}") = "Microservices", "Microservices", "{4DBA795C-0853-4584-8020-77A778C5E30A}"
EndProject
Project("{2150E333-8FDC-42A3-9474-1A3956D46DE8}") = "Presentation", "Presentation", "{A2914D2F-8E55-48E9-AF2E-3CCC0C60C2C7}"
EndProject
Project("{2150E333-8FDC-42A3-9474-1A3956D46DE8}") = "Infrastructure.Bus", "Infrastructure.Bus", "{2094395D-75D0-495D-A2B8-ABF72E07E415}"
EndProject
Project("{2150E333-8FDC-42A3-9474-1A3956D46DE8}") = "Infrastructure.Ioc", "Infrastructure.Ioc", "{915D2256-4D38-41B6-AC8C-E7A24878B73D}"
EndProject
Project("{FAE04EC0-301F-11D3-BF4B-00C04F79EFBC}") = "MicroRabbitMQ.Domain.Core", "MicroRabbitMQ.Domain.Core\MicroRabbitMQ.Domain.Core.csproj", "{86614132-DE4B-44DF-95D0-941DEB95438E}"
EndProject
Project("{FAE04EC0-301F-11D3-BF4B-00C04F79EFBC}") = "MicroRabbitMQ.Infrastructure.Bus", "MicroRabbitMQ.Infrastructure.Bus\MicroRabbitMQ.Infrastructure.Bus.csproj", "{D8238FA0-BD4F-49BF-BE3E-24913004814B}"
EndProject
Project("{FAE04EC0-301F-11D3-BF4B-00C04F79EFBC}") = "MicroRabbitMQ.Infrastucture.Ioc", "MicroRabbitMQ.Infrastucture.Ioc\MicroRabbitMQ.Infrastucture.Ioc.csproj", "{AA492F17-C47E-4442-BD12-0F135196B15D}"
EndProject
Project("{2150E333-8FDC-42A3-9474-1A3956D46DE8}") = "Banking", "Banking", "{6B0972C7-1BBA-488D-9AC9-991FEA3418F2}"
EndProject
Project("{E53339B2-1760-4266-BCC7-CA923CBCF16C}") = "docker-compose", "docker-compose.dcproj", "{D1195530-6A4E-4894-806E-D5C91BA1BB95}"
EndProject
Project("{FAE04EC0-301F-11D3-BF4B-00C04F79EFBC}") = "MicroRabbitMQ.Banking.API", "Microservices\Banking\MicroRabbitMQ.Banking.API\MicroRabbitMQ.Banking.API.csproj", "{07BF1495-CCD3-40FB-9622-A5BAD8FFB804}"
EndProject
Project("{FAE04EC0-301F-11D3-BF4B-00C04F79EFBC}") = "MicroRabbitMQ.Banking.Application", "Microservices\Banking\MicroRabbitMQ.Banking.Application\MicroRabbitMQ.Banking.Application.csproj", "{4E079096-D10B-4976-8409-DFCD48756C73}"
EndProject
Project("{FAE04EC0-301F-11D3-BF4B-00C04F79EFBC}") = "MicroRabbitMQ.Banking.Data", "Microservices\Banking\MicroRabbitMQ.Banking.Data\MicroRabbitMQ.Banking.Data.csproj", "{5A0E9D12-F1BB-40F6-9C50-8DE6273DBC10}"
EndProject
Project("{FAE04EC0-301F-11D3-BF4B-00C04F79EFBC}") = "MicroRabbitMQ.Banking.Domain", "Microservices\Banking\MicroRabbitMQ.Banking.Domain\MicroRabbitMQ.Banking.Domain.csproj", "{5D32C4AA-1D28-4415-ADE7-5853B032109E}"
EndProject
Project("{2150E333-8FDC-42A3-9474-1A3956D46DE8}") = "Transfer", "Transfer", "{5B089E6D-2112-499A-9169-59A9D0954EAB}"
EndProject
Project("{FAE04EC0-301F-11D3-BF4B-00C04F79EFBC}") = "MicroRabbitMQ.Transfer.API", "Microservices\MicroRabbitMQ.Transfer.API\MicroRabbitMQ.Transfer.API.csproj", "{38EE75E5-D15C-4ABF-9412-77F4E401AEE7}"
EndProject
Project("{FAE04EC0-301F-11D3-BF4B-00C04F79EFBC}") = "MicroRabbitMQ.Transfer.Application", "Microservices\MicroRabbitMQ.Tranfer.Application\MicroRabbitMQ.Transfer.Application.csproj", "{08C31826-884D-48AA-AAC5-1AE5334C8C20}"
EndProject
Project("{FAE04EC0-301F-11D3-BF4B-00C04F79EFBC}") = "MicroRabbitMQ.Transfer.Data", "Microservices\MicroRabbitMQ.Transfer.Data\MicroRabbitMQ.Transfer.Data.csproj", "{96C34A41-740E-4330-B856-3AD0B9CAFCA3}"
EndProject
Project("{FAE04EC0-301F-11D3-BF4B-00C04F79EFBC}") = "MicroRabbitMQ.Transfer.Domain", "Microservices\MicroRabbitMQ.Transfer.Domain\MicroRabbitMQ.Transfer.Domain.csproj", "{EAEF2C9D-A795-4C81-9583-38C0ED00A498}"
EndProject
Global
	GlobalSection(SolutionConfigurationPlatforms) = preSolution
		Debug|Any CPU = Debug|Any CPU
		Release|Any CPU = Release|Any CPU
	EndGlobalSection
	GlobalSection(ProjectConfigurationPlatforms) = postSolution
		{86614132-DE4B-44DF-95D0-941DEB95438E}.Debug|Any CPU.ActiveCfg = Debug|Any CPU
		{86614132-DE4B-44DF-95D0-941DEB95438E}.Debug|Any CPU.Build.0 = Debug|Any CPU
		{86614132-DE4B-44DF-95D0-941DEB95438E}.Release|Any CPU.ActiveCfg = Release|Any CPU
		{86614132-DE4B-44DF-95D0-941DEB95438E}.Release|Any CPU.Build.0 = Release|Any CPU
		{D8238FA0-BD4F-49BF-BE3E-24913004814B}.Debug|Any CPU.ActiveCfg = Debug|Any CPU
		{D8238FA0-BD4F-49BF-BE3E-24913004814B}.Debug|Any CPU.Build.0 = Debug|Any CPU
		{D8238FA0-BD4F-49BF-BE3E-24913004814B}.Release|Any CPU.ActiveCfg = Release|Any CPU
		{D8238FA0-BD4F-49BF-BE3E-24913004814B}.Release|Any CPU.Build.0 = Release|Any CPU
		{AA492F17-C47E-4442-BD12-0F135196B15D}.Debug|Any CPU.ActiveCfg = Debug|Any CPU
		{AA492F17-C47E-4442-BD12-0F135196B15D}.Debug|Any CPU.Build.0 = Debug|Any CPU
		{AA492F17-C47E-4442-BD12-0F135196B15D}.Release|Any CPU.ActiveCfg = Release|Any CPU
		{AA492F17-C47E-4442-BD12-0F135196B15D}.Release|Any CPU.Build.0 = Release|Any CPU
		{D1195530-6A4E-4894-806E-D5C91BA1BB95}.Debug|Any CPU.ActiveCfg = Debug|Any CPU
		{D1195530-6A4E-4894-806E-D5C91BA1BB95}.Debug|Any CPU.Build.0 = Debug|Any CPU
		{D1195530-6A4E-4894-806E-D5C91BA1BB95}.Release|Any CPU.ActiveCfg = Release|Any CPU
		{D1195530-6A4E-4894-806E-D5C91BA1BB95}.Release|Any CPU.Build.0 = Release|Any CPU
		{07BF1495-CCD3-40FB-9622-A5BAD8FFB804}.Debug|Any CPU.ActiveCfg = Debug|Any CPU
		{07BF1495-CCD3-40FB-9622-A5BAD8FFB804}.Debug|Any CPU.Build.0 = Debug|Any CPU
		{07BF1495-CCD3-40FB-9622-A5BAD8FFB804}.Release|Any CPU.ActiveCfg = Release|Any CPU
		{07BF1495-CCD3-40FB-9622-A5BAD8FFB804}.Release|Any CPU.Build.0 = Release|Any CPU
		{4E079096-D10B-4976-8409-DFCD48756C73}.Debug|Any CPU.ActiveCfg = Debug|Any CPU
		{4E079096-D10B-4976-8409-DFCD48756C73}.Debug|Any CPU.Build.0 = Debug|Any CPU
		{4E079096-D10B-4976-8409-DFCD48756C73}.Release|Any CPU.ActiveCfg = Release|Any CPU
		{4E079096-D10B-4976-8409-DFCD48756C73}.Release|Any CPU.Build.0 = Release|Any CPU
		{5A0E9D12-F1BB-40F6-9C50-8DE6273DBC10}.Debug|Any CPU.ActiveCfg = Debug|Any CPU
		{5A0E9D12-F1BB-40F6-9C50-8DE6273DBC10}.Debug|Any CPU.Build.0 = Debug|Any CPU
		{5A0E9D12-F1BB-40F6-9C50-8DE6273DBC10}.Release|Any CPU.ActiveCfg = Release|Any CPU
		{5A0E9D12-F1BB-40F6-9C50-8DE6273DBC10}.Release|Any CPU.Build.0 = Release|Any CPU
		{5D32C4AA-1D28-4415-ADE7-5853B032109E}.Debug|Any CPU.ActiveCfg = Debug|Any CPU
		{5D32C4AA-1D28-4415-ADE7-5853B032109E}.Debug|Any CPU.Build.0 = Debug|Any CPU
		{5D32C4AA-1D28-4415-ADE7-5853B032109E}.Release|Any CPU.ActiveCfg = Release|Any CPU
		{5D32C4AA-1D28-4415-ADE7-5853B032109E}.Release|Any CPU.Build.0 = Release|Any CPU
		{38EE75E5-D15C-4ABF-9412-77F4E401AEE7}.Debug|Any CPU.ActiveCfg = Debug|Any CPU
		{38EE75E5-D15C-4ABF-9412-77F4E401AEE7}.Debug|Any CPU.Build.0 = Debug|Any CPU
		{38EE75E5-D15C-4ABF-9412-77F4E401AEE7}.Release|Any CPU.ActiveCfg = Release|Any CPU
		{38EE75E5-D15C-4ABF-9412-77F4E401AEE7}.Release|Any CPU.Build.0 = Release|Any CPU
		{08C31826-884D-48AA-AAC5-1AE5334C8C20}.Debug|Any CPU.ActiveCfg = Debug|Any CPU
		{08C31826-884D-48AA-AAC5-1AE5334C8C20}.Debug|Any CPU.Build.0 = Debug|Any CPU
		{08C31826-884D-48AA-AAC5-1AE5334C8C20}.Release|Any CPU.ActiveCfg = Release|Any CPU
		{08C31826-884D-48AA-AAC5-1AE5334C8C20}.Release|Any CPU.Build.0 = Release|Any CPU
		{96C34A41-740E-4330-B856-3AD0B9CAFCA3}.Debug|Any CPU.ActiveCfg = Debug|Any CPU
		{96C34A41-740E-4330-B856-3AD0B9CAFCA3}.Debug|Any CPU.Build.0 = Debug|Any CPU
		{96C34A41-740E-4330-B856-3AD0B9CAFCA3}.Release|Any CPU.ActiveCfg = Release|Any CPU
		{96C34A41-740E-4330-B856-3AD0B9CAFCA3}.Release|Any CPU.Build.0 = Release|Any CPU
		{EAEF2C9D-A795-4C81-9583-38C0ED00A498}.Debug|Any CPU.ActiveCfg = Debug|Any CPU
		{EAEF2C9D-A795-4C81-9583-38C0ED00A498}.Debug|Any CPU.Build.0 = Debug|Any CPU
		{EAEF2C9D-A795-4C81-9583-38C0ED00A498}.Release|Any CPU.ActiveCfg = Release|Any CPU
		{EAEF2C9D-A795-4C81-9583-38C0ED00A498}.Release|Any CPU.Build.0 = Release|Any CPU
	EndGlobalSection
	GlobalSection(NestedProjects) = preSolution
		{86614132-DE4B-44DF-95D0-941DEB95438E} = {C69BBC6E-DC8C-44AD-AF3C-BAC94E618724}
		{D8238FA0-BD4F-49BF-BE3E-24913004814B} = {2094395D-75D0-495D-A2B8-ABF72E07E415}
		{AA492F17-C47E-4442-BD12-0F135196B15D} = {915D2256-4D38-41B6-AC8C-E7A24878B73D}
		{6B0972C7-1BBA-488D-9AC9-991FEA3418F2} = {4DBA795C-0853-4584-8020-77A778C5E30A}
		{07BF1495-CCD3-40FB-9622-A5BAD8FFB804} = {6B0972C7-1BBA-488D-9AC9-991FEA3418F2}
		{4E079096-D10B-4976-8409-DFCD48756C73} = {6B0972C7-1BBA-488D-9AC9-991FEA3418F2}
		{5A0E9D12-F1BB-40F6-9C50-8DE6273DBC10} = {6B0972C7-1BBA-488D-9AC9-991FEA3418F2}
		{5D32C4AA-1D28-4415-ADE7-5853B032109E} = {6B0972C7-1BBA-488D-9AC9-991FEA3418F2}
		{5B089E6D-2112-499A-9169-59A9D0954EAB} = {4DBA795C-0853-4584-8020-77A778C5E30A}
		{38EE75E5-D15C-4ABF-9412-77F4E401AEE7} = {5B089E6D-2112-499A-9169-59A9D0954EAB}
		{08C31826-884D-48AA-AAC5-1AE5334C8C20} = {5B089E6D-2112-499A-9169-59A9D0954EAB}
		{96C34A41-740E-4330-B856-3AD0B9CAFCA3} = {5B089E6D-2112-499A-9169-59A9D0954EAB}
		{EAEF2C9D-A795-4C81-9583-38C0ED00A498} = {5B089E6D-2112-499A-9169-59A9D0954EAB}
	EndGlobalSection
EndGlobal
