
Microsoft Visual Studio Solution File, Format Version 12.00
# Visual Studio 15
Project("{2150E333-8FDC-42A3-9474-1A3956D46DE8}") = "Domain", "Domain", "{C69BBC6E-DC8C-44AD-AF3C-BAC94E618724}"
EndProject
Project("{2150E333-8FDC-42A3-9474-1A3956D46DE8}") = "Microservices", "Microservices", "{4DBA795C-0853-4584-8020-77A778C5E30A}"
EndProject
Project("{2150E333-8FDC-42A3-9474-1A3956D46DE8}") = "Presentation", "Presentation", "{A2914D2F-8E55-48E9-AF2E-3CCC0C60C2C7}"
EndProject
Project("{2150E333-8FDC-42A3-9474-1A3956D46DE8}") = "Infrastructure.Bus", "Infrastructure.Bus", "{2094395D-75D0-495D-A2B8-ABF72E07E415}"
EndProject
Project("{2150E333-8FDC-42A3-9474-1A3956D46DE8}") = "Infrastructure.Ioc", "Infrastructure.Ioc", "{915D2256-4D38-41B6-AC8C-E7A24878B73D}"
EndProject
Project("{FAE04EC0-301F-11D3-BF4B-00C04F79EFBC}") = "MicroRabbitMQ.Domain.Core", "MicroRabbitMQ.Domain.Core\MicroRabbitMQ.Domain.Core.csproj", "{86614132-DE4B-44DF-95D0-941DEB95438E}"
EndProject
Project("{FAE04EC0-301F-11D3-BF4B-00C04F79EFBC}") = "MicroRabbitMQ.Infrastructure.Bus", "MicroRabbitMQ.Infrastructure.Bus\MicroRabbitMQ.Infrastructure.Bus.csproj", "{D8238FA0-BD4F-49BF-BE3E-24913004814B}"
EndProject
Project("{FAE04EC0-301F-11D3-BF4B-00C04F79EFBC}") = "MicroRabbitMQ.Infrastucture.Ioc", "MicroRabbitMQ.Infrastucture.Ioc\MicroRabbitMQ.Infrastucture.Ioc.csproj", "{AA492F17-C47E-4442-BD12-0F135196B15D}"
EndProject
Project("{2150E333-8FDC-42A3-9474-1A3956D46DE8}") = "Banking", "Banking", "{6B0972C7-1BBA-488D-9AC9-991FEA3418F2}"
EndProject
Project("{2150E333-8FDC-42A3-9474-1A3956D46DE8}") = "APi", "APi", "{041E6FB7-F149-4F0A-9A37-6D3B5F7DC52D}"
EndProject
Project("{2150E333-8FDC-42A3-9474-1A3956D46DE8}") = "Application", "Application", "{6B6D8428-A936-4315-B8FB-BD40D4EA1477}"
EndProject
Project("{2150E333-8FDC-42A3-9474-1A3956D46DE8}") = "Domain", "Domain", "{9B1D6F1D-63A7-480A-8864-B46B4A39EB73}"
EndProject
Project("{2150E333-8FDC-42A3-9474-1A3956D46DE8}") = "Data", "Data", "{69A73A27-2976-4D84-8EFE-2C36CA2C9AE5}"
EndProject
Project("{FAE04EC0-301F-11D3-BF4B-00C04F79EFBC}") = "MicroRabbitMQ.Banking.API", "MicroRabbitMQ.Banking.API\MicroRabbitMQ.Banking.API.csproj", "{F79654E3-DB6B-4BA0-B0FC-55328BF99ADA}"
EndProject
Project("{FAE04EC0-301F-11D3-BF4B-00C04F79EFBC}") = "MicroRabbitMQ.Banking.Application", "MicroRabbitMQ.Banking.Application\MicroRabbitMQ.Banking.Application.csproj", "{AA995704-E875-47AD-A627-CCB6E7E6113E}"
EndProject
Project("{FAE04EC0-301F-11D3-BF4B-00C04F79EFBC}") = "MicroRabbitMQ.Banking.Data", "MicroRabbitMQ.Banking.Data\MicroRabbitMQ.Banking.Data.csproj", "{ECD10E83-BF40-4A80-89AC-8F8FC258D983}"
EndProject
Project("{FAE04EC0-301F-11D3-BF4B-00C04F79EFBC}") = "MicroRabbitMQ.Banking.Domain", "MicroRabbitMQ.Banking.Domain\MicroRabbitMQ.Banking.Domain.csproj", "{7E600990-0BA3-4C18-97F5-65A9F12ED0ED}"
EndProject
Project("{E53339B2-1760-4266-BCC7-CA923CBCF16C}") = "docker-compose", "docker-compose.dcproj", "{D1195530-6A4E-4894-806E-D5C91BA1BB95}"
EndProject
Global
	GlobalSection(SolutionConfigurationPlatforms) = preSolution
		Debug|Any CPU = Debug|Any CPU
		Release|Any CPU = Release|Any CPU
	EndGlobalSection
	GlobalSection(ProjectConfigurationPlatforms) = postSolution
		{86614132-DE4B-44DF-95D0-941DEB95438E}.Debug|Any CPU.ActiveCfg = Debug|Any CPU
		{86614132-DE4B-44DF-95D0-941DEB95438E}.Debug|Any CPU.Build.0 = Debug|Any CPU
		{86614132-DE4B-44DF-95D0-941DEB95438E}.Release|Any CPU.ActiveCfg = Release|Any CPU
		{86614132-DE4B-44DF-95D0-941DEB95438E}.Release|Any CPU.Build.0 = Release|Any CPU
		{D8238FA0-BD4F-49BF-BE3E-24913004814B}.Debug|Any CPU.ActiveCfg = Debug|Any CPU
		{D8238FA0-BD4F-49BF-BE3E-24913004814B}.Debug|Any CPU.Build.0 = Debug|Any CPU
		{D8238FA0-BD4F-49BF-BE3E-24913004814B}.Release|Any CPU.ActiveCfg = Release|Any CPU
		{D8238FA0-BD4F-49BF-BE3E-24913004814B}.Release|Any CPU.Build.0 = Release|Any CPU
		{AA492F17-C47E-4442-BD12-0F135196B15D}.Debug|Any CPU.ActiveCfg = Debug|Any CPU
		{AA492F17-C47E-4442-BD12-0F135196B15D}.Debug|Any CPU.Build.0 = Debug|Any CPU
		{AA492F17-C47E-4442-BD12-0F135196B15D}.Release|Any CPU.ActiveCfg = Release|Any CPU
		{AA492F17-C47E-4442-BD12-0F135196B15D}.Release|Any CPU.Build.0 = Release|Any CPU
		{F79654E3-DB6B-4BA0-B0FC-55328BF99ADA}.Debug|Any CPU.ActiveCfg = Debug|Any CPU
		{F79654E3-DB6B-4BA0-B0FC-55328BF99ADA}.Debug|Any CPU.Build.0 = Debug|Any CPU
		{F79654E3-DB6B-4BA0-B0FC-55328BF99ADA}.Release|Any CPU.ActiveCfg = Release|Any CPU
		{F79654E3-DB6B-4BA0-B0FC-55328BF99ADA}.Release|Any CPU.Build.0 = Release|Any CPU
		{AA995704-E875-47AD-A627-CCB6E7E6113E}.Debug|Any CPU.ActiveCfg = Debug|Any CPU
		{AA995704-E875-47AD-A627-CCB6E7E6113E}.Debug|Any CPU.Build.0 = Debug|Any CPU
		{AA995704-E875-47AD-A627-CCB6E7E6113E}.Release|Any CPU.ActiveCfg = Release|Any CPU
		{AA995704-E875-47AD-A627-CCB6E7E6113E}.Release|Any CPU.Build.0 = Release|Any CPU
		{ECD10E83-BF40-4A80-89AC-8F8FC258D983}.Debug|Any CPU.ActiveCfg = Debug|Any CPU
		{ECD10E83-BF40-4A80-89AC-8F8FC258D983}.Debug|Any CPU.Build.0 = Debug|Any CPU
		{ECD10E83-BF40-4A80-89AC-8F8FC258D983}.Release|Any CPU.ActiveCfg = Release|Any CPU
		{ECD10E83-BF40-4A80-89AC-8F8FC258D983}.Release|Any CPU.Build.0 = Release|Any CPU
		{7E600990-0BA3-4C18-97F5-65A9F12ED0ED}.Debug|Any CPU.ActiveCfg = Debug|Any CPU
		{7E600990-0BA3-4C18-97F5-65A9F12ED0ED}.Debug|Any CPU.Build.0 = Debug|Any CPU
		{7E600990-0BA3-4C18-97F5-65A9F12ED0ED}.Release|Any CPU.ActiveCfg = Release|Any CPU
		{7E600990-0BA3-4C18-97F5-65A9F12ED0ED}.Release|Any CPU.Build.0 = Release|Any CPU
		{D1195530-6A4E-4894-806E-D5C91BA1BB95}.Debug|Any CPU.ActiveCfg = Debug|Any CPU
		{D1195530-6A4E-4894-806E-D5C91BA1BB95}.Debug|Any CPU.Build.0 = Debug|Any CPU
		{D1195530-6A4E-4894-806E-D5C91BA1BB95}.Release|Any CPU.ActiveCfg = Release|Any CPU
		{D1195530-6A4E-4894-806E-D5C91BA1BB95}.Release|Any CPU.Build.0 = Release|Any CPU
	EndGlobalSection
	GlobalSection(NestedProjects) = preSolution
		{86614132-DE4B-44DF-95D0-941DEB95438E} = {C69BBC6E-DC8C-44AD-AF3C-BAC94E618724}
		{D8238FA0-BD4F-49BF-BE3E-24913004814B} = {2094395D-75D0-495D-A2B8-ABF72E07E415}
		{AA492F17-C47E-4442-BD12-0F135196B15D} = {915D2256-4D38-41B6-AC8C-E7A24878B73D}
		{6B0972C7-1BBA-488D-9AC9-991FEA3418F2} = {4DBA795C-0853-4584-8020-77A778C5E30A}
		{041E6FB7-F149-4F0A-9A37-6D3B5F7DC52D} = {6B0972C7-1BBA-488D-9AC9-991FEA3418F2}
		{6B6D8428-A936-4315-B8FB-BD40D4EA1477} = {6B0972C7-1BBA-488D-9AC9-991FEA3418F2}
		{9B1D6F1D-63A7-480A-8864-B46B4A39EB73} = {6B0972C7-1BBA-488D-9AC9-991FEA3418F2}
		{69A73A27-2976-4D84-8EFE-2C36CA2C9AE5} = {6B0972C7-1BBA-488D-9AC9-991FEA3418F2}
		{F79654E3-DB6B-4BA0-B0FC-55328BF99ADA} = {041E6FB7-F149-4F0A-9A37-6D3B5F7DC52D}
		{AA995704-E875-47AD-A627-CCB6E7E6113E} = {6B6D8428-A936-4315-B8FB-BD40D4EA1477}
		{ECD10E83-BF40-4A80-89AC-8F8FC258D983} = {69A73A27-2976-4D84-8EFE-2C36CA2C9AE5}
		{7E600990-0BA3-4C18-97F5-65A9F12ED0ED} = {9B1D6F1D-63A7-480A-8864-B46B4A39EB73}
	EndGlobalSection
EndGlobal
